
Microsoft Visual Studio Solution File, Format Version 12.00
# Visual Studio Version 17
VisualStudioVersion = 17.11.35219.272
MinimumVisualStudioVersion = 10.0.40219.1
Project("{FAE04EC0-301F-11D3-BF4B-00C04F79EFBC}") = "WindowsFormsApp1", "WindowsFormsApp1\WindowsFormsApp1.csproj", "{7521AE6A-DB2C-4720-B6D8-21CE80370EE1}"
EndProject
Global
	GlobalSection(SolutionConfigurationPlatforms) = preSolution
		Debug|Any CPU = Debug|Any CPU
		Debug|x86 = Debug|x86
		Release|Any CPU = Release|Any CPU
		Release|x86 = Release|x86
	EndGlobalSection
	GlobalSection(ProjectConfigurationPlatforms) = postSolution
		{7521AE6A-DB2C-4720-B6D8-21CE80370EE1}.Debug|Any CPU.ActiveCfg = Debug|Any CPU
		{7521AE6A-DB2C-4720-B6D8-21CE80370EE1}.Debug|Any CPU.Build.0 = Debug|Any CPU
		{7521AE6A-DB2C-4720-B6D8-21CE80370EE1}.Debug|x86.ActiveCfg = Debug|Any CPU
		{7521AE6A-DB2C-4720-B6D8-21CE80370EE1}.Debug|x86.Build.0 = Debug|Any CPU
		{7521AE6A-DB2C-4720-B6D8-21CE80370EE1}.Release|Any CPU.ActiveCfg = Release|Any CPU
		{7521AE6A-DB2C-4720-B6D8-21CE80370EE1}.Release|Any CPU.Build.0 = Release|Any CPU
		{7521AE6A-DB2C-4720-B6D8-21CE80370EE1}.Release|x86.ActiveCfg = Release|Any CPU
		{7521AE6A-DB2C-4720-B6D8-21CE80370EE1}.Release|x86.Build.0 = Release|Any CPU
	EndGlobalSection
	GlobalSection(SolutionProperties) = preSolution
		HideSolutionNode = FALSE
	EndGlobalSection
	GlobalSection(ExtensibilityGlobals) = postSolution
		SolutionGuid = {A76A5884-36DF-4F49-B76D-9B9078B786F0}
	EndGlobalSection
EndGlobal
